version: 1.0
shards:
  bargs:
    github: crystalrealm/bargs
    version: 1.0.0

  epilog:
    github: crystalrealm/epilog
    version: 1.1.1

  stringpad:
    github: crystalrealm/stringpad
    commit: 27ed1fde22c2ae7d093beda95ed5be9620721183

  watcher:
    github: faustinoaq/watcher
    version: 0.3.0

